
Microsoft Visual Studio Solution File, Format Version 12.00
# Visual Studio Version 17
VisualStudioVersion = 17.4.33110.190
MinimumVisualStudioVersion = 10.0.40219.1
Project("{9A19103F-16F7-4668-BE54-9A1E7A4F7556}") = "StudentEF", "StudentEF\StudentEF.csproj", "{3233C6E2-3F85-4979-8467-A24697BD8D69}"
EndProject
Project("{FAE04EC0-301F-11D3-BF4B-00C04F79EFBC}") = "StudentXuintMoqtest", "StudentXuintMoqtest\StudentXuintMoqtest.csproj", "{B8C3D5D8-35E3-4447-834D-1A11720A0F77}"
EndProject
Global
	GlobalSection(SolutionConfigurationPlatforms) = preSolution
		Debug|Any CPU = Debug|Any CPU
		Release|Any CPU = Release|Any CPU
	EndGlobalSection
	GlobalSection(ProjectConfigurationPlatforms) = postSolution
		{3233C6E2-3F85-4979-8467-A24697BD8D69}.Debug|Any CPU.ActiveCfg = Debug|Any CPU
		{3233C6E2-3F85-4979-8467-A24697BD8D69}.Debug|Any CPU.Build.0 = Debug|Any CPU
		{3233C6E2-3F85-4979-8467-A24697BD8D69}.Release|Any CPU.ActiveCfg = Release|Any CPU
		{3233C6E2-3F85-4979-8467-A24697BD8D69}.Release|Any CPU.Build.0 = Release|Any CPU
		{B8C3D5D8-35E3-4447-834D-1A11720A0F77}.Debug|Any CPU.ActiveCfg = Debug|Any CPU
		{B8C3D5D8-35E3-4447-834D-1A11720A0F77}.Debug|Any CPU.Build.0 = Debug|Any CPU
		{B8C3D5D8-35E3-4447-834D-1A11720A0F77}.Release|Any CPU.ActiveCfg = Release|Any CPU
		{B8C3D5D8-35E3-4447-834D-1A11720A0F77}.Release|Any CPU.Build.0 = Release|Any CPU
	EndGlobalSection
	GlobalSection(SolutionProperties) = preSolution
		HideSolutionNode = FALSE
	EndGlobalSection
	GlobalSection(ExtensibilityGlobals) = postSolution
		SolutionGuid = {A4AA742B-A602-47C4-B90F-33D736DEFB32}
	EndGlobalSection
EndGlobal
